Microsoft Visual Studio Solution File, Format Version 12.00
# Visual Studio Version 16
VisualStudioVersion = 16.0.30320.27
MinimumVisualStudioVersion = 10.0.40219.1
Project("{2150E333-8FDC-42A3-9474-1A3956D46DE8}") = "Solution Items", "Solution Items", "{C3470CD9-5D3A-45C5-AEB9-23712481AEA4}"
	ProjectSection(SolutionItems) = preProject
		README.md = README.md
		docker-entrypoint.sh = docker-entrypoint.sh
		make_build.sh = make_build.sh
		make_run.sh = make_run.sh
	EndProjectSection
EndProject
Project("{E53339B2-1760-4266-BCC7-CA923CBCF16C}") = "docker-compose", "docker-compose.dcproj", "{E064769B-FD9E-44A0-89E2-FE2D297B7647}"
EndProject
Project("{FAE04EC0-301F-11D3-BF4B-00C04F79EFBC}") = "S21eImages", "S21eImages\S21eImages.csproj", "{8EEF1345-1394-4581-9976-61460A4EB41B}"
EndProject
Global
	GlobalSection(SolutionConfigurationPlatforms) = preSolution
		Debug|anycpu = Debug|anycpu
		Release|anycpu = Release|anycpu
	EndGlobalSection
	GlobalSection(ProjectConfigurationPlatforms) = postSolution
		{E064769B-FD9E-44A0-89E2-FE2D297B7647}.Debug|anycpu.ActiveCfg = Debug|Any CPU
		{E064769B-FD9E-44A0-89E2-FE2D297B7647}.Debug|anycpu.Build.0 = Debug|Any CPU
		{E064769B-FD9E-44A0-89E2-FE2D297B7647}.Release|anycpu.ActiveCfg = Release|Any CPU
		{E064769B-FD9E-44A0-89E2-FE2D297B7647}.Release|anycpu.Build.0 = Release|Any CPU
		{8EEF1345-1394-4581-9976-61460A4EB41B}.Debug|anycpu.ActiveCfg = Debug|Any CPU
		{8EEF1345-1394-4581-9976-61460A4EB41B}.Debug|anycpu.Build.0 = Debug|Any CPU
		{8EEF1345-1394-4581-9976-61460A4EB41B}.Release|anycpu.ActiveCfg = Release|Any CPU
		{8EEF1345-1394-4581-9976-61460A4EB41B}.Release|anycpu.Build.0 = Release|Any CPU
	EndGlobalSection
	GlobalSection(SolutionProperties) = preSolution
		HideSolutionNode = FALSE
	EndGlobalSection
	GlobalSection(ExtensibilityGlobals) = postSolution
		SolutionGuid = {5BECEACF-4F7B-4B40-8A94-69677E974FE8}
	EndGlobalSection
EndGlobal
