
Microsoft Visual Studio Solution File, Format Version 12.00
# Visual Studio 15
Project("{2150E333-8FDC-42A3-9474-1A3956D46DE8}") = "Solution Items", "Solution Items", "{C3470CD9-5D3A-45C5-AEB9-23712481AEA4}"
	ProjectSection(SolutionItems) = preProject
		README.md = README.md
	EndProjectSection
EndProject
Project("{FAE04EC0-301F-11D3-BF4B-00C04F79EFBC}") = "ImagesScrape", "src\ImagesScrape\ImagesScrape.csproj", "{157CBB7C-743B-456C-B9CF-38270C654331}"
EndProject
Project("{FAE04EC0-301F-11D3-BF4B-00C04F79EFBC}") = "ImagesCollect", "src\ImagesCollect\ImagesCollect.csproj", "{1D05B84B-1F02-4713-B0E4-64D3CE9F73F5}"
EndProject
Project("{FAE04EC0-301F-11D3-BF4B-00C04F79EFBC}") = "ImagesExport", "src\ImagesExport\ImagesExport.csproj", "{0437F44E-79B7-4D60-B140-139DFE99AD18}"
EndProject
Global
	GlobalSection(SolutionConfigurationPlatforms) = preSolution
		Debug|anycpu = Debug|anycpu
		Release|anycpu = Release|anycpu
	EndGlobalSection
	GlobalSection(ProjectConfigurationPlatforms) = postSolution
		{157CBB7C-743B-456C-B9CF-38270C654331}.Debug|anycpu.ActiveCfg = Debug|anycpu
		{157CBB7C-743B-456C-B9CF-38270C654331}.Debug|anycpu.Build.0 = Debug|anycpu
		{157CBB7C-743B-456C-B9CF-38270C654331}.Release|anycpu.ActiveCfg = Release|anycpu
		{157CBB7C-743B-456C-B9CF-38270C654331}.Release|anycpu.Build.0 = Release|anycpu
		{1D05B84B-1F02-4713-B0E4-64D3CE9F73F5}.Debug|anycpu.ActiveCfg = Debug|Any CPU
		{1D05B84B-1F02-4713-B0E4-64D3CE9F73F5}.Debug|anycpu.Build.0 = Debug|Any CPU
		{1D05B84B-1F02-4713-B0E4-64D3CE9F73F5}.Release|anycpu.ActiveCfg = Release|Any CPU
		{1D05B84B-1F02-4713-B0E4-64D3CE9F73F5}.Release|anycpu.Build.0 = Release|Any CPU
		{0437F44E-79B7-4D60-B140-139DFE99AD18}.Debug|anycpu.ActiveCfg = Debug|Any CPU
		{0437F44E-79B7-4D60-B140-139DFE99AD18}.Debug|anycpu.Build.0 = Debug|Any CPU
		{0437F44E-79B7-4D60-B140-139DFE99AD18}.Release|anycpu.ActiveCfg = Release|Any CPU
		{0437F44E-79B7-4D60-B140-139DFE99AD18}.Release|anycpu.Build.0 = Release|Any CPU
	EndGlobalSection
EndGlobal
